// !$*UTF8*$!
{
	archiveVersion = 1;
	classes = {
	};
	objectVersion = 52;
	objects = {

/* Begin PBXBuildFile section */
		4961528123F13F690048C44D /* RxCocoa in Frameworks */ = {isa = PBXBuildFile; productRef = 4961528023F13F690048C44D /* RxCocoa */; };
		4961528323F13F690048C44D /* RxSwift in Frameworks */ = {isa = PBXBuildFile; productRef = 4961528223F13F690048C44D /* RxSwift */; };
		497EFC2F23F1340800CCEFF4 /* RxSwift-Ex.swift in Sources */ = {isa = PBXBuildFile; fileRef = 497EFC2E23F1340800CCEFF4 /* RxSwift-Ex.swift */; };
		49AF7CAC23F1320800F6CE5F /* AppDelegate.swift in Sources */ = {isa = PBXBuildFile; fileRef = 49AF7CAB23F1320800F6CE5F /* AppDelegate.swift */; };
		49AF7CB323F1320800F6CE5F /* Main.storyboard in Resources */ = {isa = PBXBuildFile; fileRef = 49AF7CB123F1320800F6CE5F /* Main.storyboard */; };
		49AF7CB523F1320800F6CE5F /* Assets.xcassets in Resources */ = {isa = PBXBuildFile; fileRef = 49AF7CB423F1320800F6CE5F /* Assets.xcassets */; };
		49AF7CB823F1320800F6CE5F /* LaunchScreen.storyboard in Resources */ = {isa = PBXBuildFile; fileRef = 49AF7CB623F1320800F6CE5F /* LaunchScreen.storyboard */; };
/* End PBXBuildFile section */

/* Begin PBXFileReference section */
		497EFC2E23F1340800CCEFF4 /* RxSwift-Ex.swift */ = {isa = PBXFileReference; lastKnownFileType = sourcecode.swift; path = "RxSwift-Ex.swift"; sourceTree = "<group>"; };
		49AF7CA823F1320800F6CE5F /* RxSwift-Ex.app */ = {isa = PBXFileReference; explicitFileType = wrapper.application; includeInIndex = 0; path = "RxSwift-Ex.app"; sourceTree = BUILT_PRODUCTS_DIR; };
		49AF7CAB23F1320800F6CE5F /* AppDelegate.swift */ = {isa = PBXFileReference; lastKnownFileType = sourcecode.swift; path = AppDelegate.swift; sourceTree = "<group>"; };
		49AF7CB223F1320800F6CE5F /* Base */ = {isa = PBXFileReference; lastKnownFileType = file.storyboard; name = Base; path = Base.lproj/Main.storyboard; sourceTree = "<group>"; };
		49AF7CB423F1320800F6CE5F /* Assets.xcassets */ = {isa = PBXFileReference; lastKnownFileType = folder.assetcatalog; path = Assets.xcassets; sourceTree = "<group>"; };
		49AF7CB723F1320800F6CE5F /* Base */ = {isa = PBXFileReference; lastKnownFileType = file.storyboard; name = Base; path = Base.lproj/LaunchScreen.storyboard; sourceTree = "<group>"; };
		49AF7CB923F1320800F6CE5F /* Info.plist */ = {isa = PBXFileReference; lastKnownFileType = text.plist.xml; path = Info.plist; sourceTree = "<group>"; };
/* End PBXFileReference section */

/* Begin PBXFrameworksBuildPhase section */
		49AF7CA523F1320800F6CE5F /* Frameworks */ = {
			isa = PBXFrameworksBuildPhase;
			buildActionMask = 2147483647;
			files = (
				4961528323F13F690048C44D /* RxSwift in Frameworks */,
				4961528123F13F690048C44D /* RxCocoa in Frameworks */,
			);
			runOnlyForDeploymentPostprocessing = 0;
		};
/* End PBXFrameworksBuildPhase section */

/* Begin PBXGroup section */
		49AF7C9F23F1320800F6CE5F = {
			isa = PBXGroup;
			children = (
				49AF7CAA23F1320800F6CE5F /* RxSwift-Ex */,
				49AF7CA923F1320800F6CE5F /* Products */,
				91F4E1D480F58D58121803F3 /* Pods */,
			);
			sourceTree = "<group>";
		};
		49AF7CA923F1320800F6CE5F /* Products */ = {
			isa = PBXGroup;
			children = (
				49AF7CA823F1320800F6CE5F /* RxSwift-Ex.app */,
			);
			name = Products;
			sourceTree = "<group>";
		};
		49AF7CAA23F1320800F6CE5F /* RxSwift-Ex */ = {
			isa = PBXGroup;
			children = (
				49AF7CAB23F1320800F6CE5F /* AppDelegate.swift */,
				497EFC2E23F1340800CCEFF4 /* RxSwift-Ex.swift */,
				49AF7CB123F1320800F6CE5F /* Main.storyboard */,
				49AF7CB423F1320800F6CE5F /* Assets.xcassets */,
				49AF7CB623F1320800F6CE5F /* LaunchScreen.storyboard */,
				49AF7CB923F1320800F6CE5F /* Info.plist */,
			);
			path = "RxSwift-Ex";
			sourceTree = "<group>";
		};
		91F4E1D480F58D58121803F3 /* Pods */ = {
			isa = PBXGroup;
			children = (
			);
			path = Pods;
			sourceTree = "<group>";
		};
/* End PBXGroup section */

/* Begin PBXNativeTarget section */
		49AF7CA723F1320800F6CE5F /* RxSwift-Ex */ = {
			isa = PBXNativeTarget;
			buildConfigurationList = 49AF7CBC23F1320800F6CE5F /* Build configuration list for PBXNativeTarget "RxSwift-Ex" */;
			buildPhases = (
				49AF7CA423F1320800F6CE5F /* Sources */,
				49AF7CA523F1320800F6CE5F /* Frameworks */,
				49AF7CA623F1320800F6CE5F /* Resources */,
			);
			buildRules = (
			);
			dependencies = (
			);
			name = "RxSwift-Ex";
			packageProductDependencies = (
				4961528023F13F690048C44D /* RxCocoa */,
				4961528223F13F690048C44D /* RxSwift */,
			);
			productName = RxSwiftEx;
			productReference = 49AF7CA823F1320800F6CE5F /* RxSwift-Ex.app */;
			productType = "com.apple.product-type.application";
		};
/* End PBXNativeTarget section */

/* Begin PBXProject section */
		49AF7CA023F1320800F6CE5F /* Project object */ = {
			isa = PBXProject;
			attributes = {
				LastSwiftUpdateCheck = 1130;
				LastUpgradeCheck = 1130;
				ORGANIZATIONNAME = Andrew;
				TargetAttributes = {
					49AF7CA723F1320800F6CE5F = {
						CreatedOnToolsVersion = 11.3.1;
					};
				};
			};
			buildConfigurationList = 49AF7CA323F1320800F6CE5F /* Build configuration list for PBXProject "RxSwift-Ex" */;
			compatibilityVersion = "Xcode 9.3";
			developmentRegion = en;
			hasScannedForEncodings = 0;
			knownRegions = (
				en,
				Base,
			);
			mainGroup = 49AF7C9F23F1320800F6CE5F;
			packageReferences = (
				4961527F23F13F690048C44D /* XCRemoteSwiftPackageReference "RxSwift" */,
			);
			productRefGroup = 49AF7CA923F1320800F6CE5F /* Products */;
			projectDirPath = "";
			projectRoot = "";
			targets = (
				49AF7CA723F1320800F6CE5F /* RxSwift-Ex */,
			);
		};
/* End PBXProject section */

/* Begin PBXResourcesBuildPhase section */
		49AF7CA623F1320800F6CE5F /* Resources */ = {
			isa = PBXResourcesBuildPhase;
			buildActionMask = 2147483647;
			files = (
				49AF7CB823F1320800F6CE5F /* LaunchScreen.storyboard in Resources */,
				49AF7CB523F1320800F6CE5F /* Assets.xcassets in Resources */,
				49AF7CB323F1320800F6CE5F /* Main.storyboard in Resources */,
			);
			runOnlyForDeploymentPostprocessing = 0;
		};
/* End PBXResourcesBuildPhase section */

/* Begin PBXSourcesBuildPhase section */
		49AF7CA423F1320800F6CE5F /* Sources */ = {
			isa = PBXSourcesBuildPhase;
			buildActionMask = 2147483647;
			files = (
				497EFC2F23F1340800CCEFF4 /* RxSwift-Ex.swift in Sources */,
				49AF7CAC23F1320800F6CE5F /* AppDelegate.swift in Sources */,
			);
			runOnlyForDeploymentPostprocessing = 0;
		};
/* End PBXSourcesBuildPhase section */

/* Begin PBXVariantGroup section */
		49AF7CB123F1320800F6CE5F /* Main.storyboard */ = {
			isa = PBXVariantGroup;
			children = (
				49AF7CB223F1320800F6CE5F /* Base */,
			);
			name = Main.storyboard;
			sourceTree = "<group>";
		};
		49AF7CB623F1320800F6CE5F /* LaunchScreen.storyboard */ = {
			isa = PBXVariantGroup;
			children = (
				49AF7CB723F1320800F6CE5F /* Base */,
			);
			name = LaunchScreen.storyboard;
			sourceTree = "<group>";
		};
/* End PBXVariantGroup section */

/* Begin XCBuildConfiguration section */
		49AF7CBA23F1320800F6CE5F /* Debug */ = {
			isa = XCBuildConfiguration;
			buildSettings = {
				ALWAYS_SEARCH_USER_PATHS = NO;
				CLANG_ANALYZER_NONNULL = YES;
				CLANG_ANALYZER_NUMBER_OBJECT_CONVERSION = YES_AGGRESSIVE;
				CLANG_CXX_LANGUAGE_STANDARD = "gnu++14";
				CLANG_CXX_LIBRARY = "libc++";
				CLANG_ENABLE_MODULES = YES;
				CLANG_ENABLE_OBJC_ARC = YES;
				CLANG_ENABLE_OBJC_WEAK = YES;
				CLANG_WARN_BLOCK_CAPTURE_AUTORELEASING = YES;
				CLANG_WARN_BOOL_CONVERSION = YES;
				CLANG_WARN_COMMA = YES;
				CLANG_WARN_CONSTANT_CONVERSION = YES;
				CLANG_WARN_DEPRECATED_OBJC_IMPLEMENTATIONS = YES;
				CLANG_WARN_DIRECT_OBJC_ISA_USAGE = YES_ERROR;
				CLANG_WARN_DOCUMENTATION_COMMENTS = YES;
				CLANG_WARN_EMPTY_BODY = YES;
				CLANG_WARN_ENUM_CONVERSION = YES;
				CLANG_WARN_INFINITE_RECURSION = YES;
				CLANG_WARN_INT_CONVERSION = YES;
				CLANG_WARN_NON_LITERAL_NULL_CONVERSION = YES;
				CLANG_WARN_OBJC_IMPLICIT_RETAIN_SELF = YES;
				CLANG_WARN_OBJC_LITERAL_CONVERSION = YES;
				CLANG_WARN_OBJC_ROOT_CLASS = YES_ERROR;
				CLANG_WARN_RANGE_LOOP_ANALYSIS = YES;
				CLANG_WARN_STRICT_PROTOTYPES = YES;
				CLANG_WARN_SUSPICIOUS_MOVE = YES;
				CLANG_WARN_UNGUARDED_AVAILABILITY = YES_AGGRESSIVE;
				CLANG_WARN_UNREACHABLE_CODE = YES;
				CLANG_WARN__DUPLICATE_METHOD_MATCH = YES;
				COPY_PHASE_STRIP = NO;
				DEBUG_INFORMATION_FORMAT = dwarf;
				ENABLE_STRICT_OBJC_MSGSEND = YES;
				ENABLE_TESTABILITY = YES;
				GCC_C_LANGUAGE_STANDARD = gnu11;
				GCC_DYNAMIC_NO_PIC = NO;
				GCC_NO_COMMON_BLOCKS = YES;
				GCC_OPTIMIZATION_LEVEL = 0;
				GCC_PREPROCESSOR_DEFINITIONS = (
					"DEBUG=1",
					"$(inherited)",
				);
				GCC_WARN_64_TO_32_BIT_CONVERSION = YES;
				GCC_WARN_ABOUT_RETURN_TYPE = YES_ERROR;
				GCC_WARN_UNDECLARED_SELECTOR = YES;
				GCC_WARN_UNINITIALIZED_AUTOS = YES_AGGRESSIVE;
				GCC_WARN_UNUSED_FUNCTION = YES;
				GCC_WARN_UNUSED_VARIABLE = YES;
				IPHONEOS_DEPLOYMENT_TARGET = 12.1;
				MTL_ENABLE_DEBUG_INFO = INCLUDE_SOURCE;
				MTL_FAST_MATH = YES;
				ONLY_ACTIVE_ARCH = YES;
				SDKROOT = iphoneos;
				SWIFT_ACTIVE_COMPILATION_CONDITIONS = DEBUG;
				SWIFT_OPTIMIZATION_LEVEL = "-Onone";
			};
			name = Debug;
		};
		49AF7CBB23F1320800F6CE5F /* Release */ = {
			isa = XCBuildConfiguration;
			buildSettings = {
				ALWAYS_SEARCH_USER_PATHS = NO;
				CLANG_ANALYZER_NONNULL = YES;
				CLANG_ANALYZER_NUMBER_OBJECT_CONVERSION = YES_AGGRESSIVE;
				CLANG_CXX_LANGUAGE_STANDARD = "gnu++14";
				CLANG_CXX_LIBRARY = "libc++";
				CLANG_ENABLE_MODULES = YES;
				CLANG_ENABLE_OBJC_ARC = YES;
				CLANG_ENABLE_OBJC_WEAK = YES;
				CLANG_WARN_BLOCK_CAPTURE_AUTORELEASING = YES;
				CLANG_WARN_BOOL_CONVERSION = YES;
				CLANG_WARN_COMMA = YES;
				CLANG_WARN_CONSTANT_CONVERSION = YES;
				CLANG_WARN_DEPRECATED_OBJC_IMPLEMENTATIONS = YES;
				CLANG_WARN_DIRECT_OBJC_ISA_USAGE = YES_ERROR;
				CLANG_WARN_DOCUMENTATION_COMMENTS = YES;
				CLANG_WARN_EMPTY_BODY = YES;
				CLANG_WARN_ENUM_CONVERSION = YES;
				CLANG_WARN_INFINITE_RECURSION = YES;
				CLANG_WARN_INT_CONVERSION = YES;
				CLANG_WARN_NON_LITERAL_NULL_CONVERSION = YES;
				CLANG_WARN_OBJC_IMPLICIT_RETAIN_SELF = YES;
				CLANG_WARN_OBJC_LITERAL_CONVERSION = YES;
				CLANG_WARN_OBJC_ROOT_CLASS = YES_ERROR;
				CLANG_WARN_RANGE_LOOP_ANALYSIS = YES;
				CLANG_WARN_STRICT_PROTOTYPES = YES;
				CLANG_WARN_SUSPICIOUS_MOVE = YES;
				CLANG_WARN_UNGUARDED_AVAILABILITY = YES_AGGRESSIVE;
				CLANG_WARN_UNREACHABLE_CODE = YES;
				CLANG_WARN__DUPLICATE_METHOD_MATCH = YES;
				COPY_PHASE_STRIP = NO;
				DEBUG_INFORMATION_FORMAT = "dwarf-with-dsym";
				ENABLE_NS_ASSERTIONS = NO;
				ENABLE_STRICT_OBJC_MSGSEND = YES;
				GCC_C_LANGUAGE_STANDARD = gnu11;
				GCC_NO_COMMON_BLOCKS = YES;
				GCC_WARN_64_TO_32_BIT_CONVERSION = YES;
				GCC_WARN_ABOUT_RETURN_TYPE = YES_ERROR;
				GCC_WARN_UNDECLARED_SELECTOR = YES;
				GCC_WARN_UNINITIALIZED_AUTOS = YES_AGGRESSIVE;
				GCC_WARN_UNUSED_FUNCTION = YES;
				GCC_WARN_UNUSED_VARIABLE = YES;
				IPHONEOS_DEPLOYMENT_TARGET = 12.1;
				MTL_ENABLE_DEBUG_INFO = NO;
				MTL_FAST_MATH = YES;
				SDKROOT = iphoneos;
				SWIFT_COMPILATION_MODE = wholemodule;
				SWIFT_OPTIMIZATION_LEVEL = "-O";
				VALIDATE_PRODUCT = YES;
			};
			name = Release;
		};
		49AF7CBD23F1320800F6CE5F /* Debug */ = {
			isa = XCBuildConfiguration;
			buildSettings = {
				ASSETCATALOG_COMPILER_APPICON_NAME = AppIcon;
				CODE_SIGN_STYLE = Automatic;
				DEVELOPMENT_TEAM = GKK9BFF346;
				INFOPLIST_FILE = "RxSwift-Ex/Info.plist";
				LD_RUNPATH_SEARCH_PATHS = (
					"$(inherited)",
					"@executable_path/Frameworks",
				);
				PRODUCT_BUNDLE_IDENTIFIER = "ru.proarttherapy.RxSwift-Ex";
				PRODUCT_NAME = "$(TARGET_NAME)";
				SWIFT_VERSION = 5.0;
				TARGETED_DEVICE_FAMILY = "1,2";
			};
			name = Debug;
		};
		49AF7CBE23F1320800F6CE5F /* Release */ = {
			isa = XCBuildConfiguration;
			buildSettings = {
				ASSETCATALOG_COMPILER_APPICON_NAME = AppIcon;
				CODE_SIGN_STYLE = Automatic;
				DEVELOPMENT_TEAM = GKK9BFF346;
				INFOPLIST_FILE = "RxSwift-Ex/Info.plist";
				LD_RUNPATH_SEARCH_PATHS = (
					"$(inherited)",
					"@executable_path/Frameworks",
				);
				PRODUCT_BUNDLE_IDENTIFIER = "ru.proarttherapy.RxSwift-Ex";
				PRODUCT_NAME = "$(TARGET_NAME)";
				SWIFT_VERSION = 5.0;
				TARGETED_DEVICE_FAMILY = "1,2";
			};
			name = Release;
		};
/* End XCBuildConfiguration section */

/* Begin XCConfigurationList section */
		49AF7CA323F1320800F6CE5F /* Build configuration list for PBXProject "RxSwift-Ex" */ = {
			isa = XCConfigurationList;
			buildConfigurations = (
				49AF7CBA23F1320800F6CE5F /* Debug */,
				49AF7CBB23F1320800F6CE5F /* Release */,
			);
			defaultConfigurationIsVisible = 0;
			defaultConfigurationName = Release;
		};
		49AF7CBC23F1320800F6CE5F /* Build configuration list for PBXNativeTarget "RxSwift-Ex" */ = {
			isa = XCConfigurationList;
			buildConfigurations = (
				49AF7CBD23F1320800F6CE5F /* Debug */,
				49AF7CBE23F1320800F6CE5F /* Release */,
			);
			defaultConfigurationIsVisible = 0;
			defaultConfigurationName = Release;
		};
/* End XCConfigurationList section */

/* Begin XCRemoteSwiftPackageReference section */
		4961527F23F13F690048C44D /* XCRemoteSwiftPackageReference "RxSwift" */ = {
			isa = XCRemoteSwiftPackageReference;
			repositoryURL = "https://github.com/ReactiveX/RxSwift.git";
			requirement = {
				kind = upToNextMinorVersion;
				minimumVersion = 4.5.0;
			};
		};
/* End XCRemoteSwiftPackageReference section */

/* Begin XCSwiftPackageProductDependency section */
		4961528023F13F690048C44D /* RxCocoa */ = {
			isa = XCSwiftPackageProductDependency;
			package = 4961527F23F13F690048C44D /* XCRemoteSwiftPackageReference "RxSwift" */;
			productName = RxCocoa;
		};
		4961528223F13F690048C44D /* RxSwift */ = {
			isa = XCSwiftPackageProductDependency;
			package = 4961527F23F13F690048C44D /* XCRemoteSwiftPackageReference "RxSwift" */;
			productName = RxSwift;
		};
/* End XCSwiftPackageProductDependency section */
	};
	rootObject = 49AF7CA023F1320800F6CE5F /* Project object */;
}
