// !$*UTF8*$!
{
	archiveVersion = 1;
	classes = {
	};
	objectVersion = 51;
	objects = {

/* Begin PBXBuildFile section */
		4913AC1D24503BE600ECBEBE /* LoginViewController.swift in Sources */ = {isa = PBXBuildFile; fileRef = 4913AC1C24503BE600ECBEBE /* LoginViewController.swift */; };
		4913AC2A245074C800ECBEBE /* LoginView.storyboard in Resources */ = {isa = PBXBuildFile; fileRef = 4913AC29245074C800ECBEBE /* LoginView.storyboard */; };
		4913AC2C24508A4500ECBEBE /* CallView.storyboard in Resources */ = {isa = PBXBuildFile; fileRef = 4913AC2B24508A4500ECBEBE /* CallView.storyboard */; };
		4913AC2E24508A5300ECBEBE /* CallViewController.swift in Sources */ = {isa = PBXBuildFile; fileRef = 4913AC2D24508A5300ECBEBE /* CallViewController.swift */; };
		4913AC302450C88400ECBEBE /* UIColorExtensions.swift in Sources */ = {isa = PBXBuildFile; fileRef = 4913AC2F2450C88400ECBEBE /* UIColorExtensions.swift */; };
		49203822244C9AD6001FB093 /* ContactPresenter.swift in Sources */ = {isa = PBXBuildFile; fileRef = 49203821244C9AD6001FB093 /* ContactPresenter.swift */; };
		49203824244C9AEA001FB093 /* ContactInteractor.swift in Sources */ = {isa = PBXBuildFile; fileRef = 49203823244C9AEA001FB093 /* ContactInteractor.swift */; };
		49203826244C9AFC001FB093 /* ContactRouter.swift in Sources */ = {isa = PBXBuildFile; fileRef = 49203825244C9AFC001FB093 /* ContactRouter.swift */; };
		49203828244C9B5B001FB093 /* ContactRouterInput.swift in Sources */ = {isa = PBXBuildFile; fileRef = 49203827244C9B5B001FB093 /* ContactRouterInput.swift */; };
		4920382A244C9F12001FB093 /* Assembly.swift in Sources */ = {isa = PBXBuildFile; fileRef = 49203829244C9F12001FB093 /* Assembly.swift */; };
		4920382C244CA81E001FB093 /* ContactAssembly.swift in Sources */ = {isa = PBXBuildFile; fileRef = 4920382B244CA81E001FB093 /* ContactAssembly.swift */; };
		4920382E244CAFB6001FB093 /* ContactViewInput.swift in Sources */ = {isa = PBXBuildFile; fileRef = 4920382D244CAFB6001FB093 /* ContactViewInput.swift */; };
		49203830244CB015001FB093 /* ContactViewOutput.swift in Sources */ = {isa = PBXBuildFile; fileRef = 4920382F244CB015001FB093 /* ContactViewOutput.swift */; };
		49203832244CB388001FB093 /* ContactInteractorInput.swift in Sources */ = {isa = PBXBuildFile; fileRef = 49203831244CB388001FB093 /* ContactInteractorInput.swift */; };
		49203834244CB39E001FB093 /* ContactInteractorOutput.swift in Sources */ = {isa = PBXBuildFile; fileRef = 49203833244CB39E001FB093 /* ContactInteractorOutput.swift */; };
		49203836244CB6B0001FB093 /* BaseModule.swift in Sources */ = {isa = PBXBuildFile; fileRef = 49203835244CB6B0001FB093 /* BaseModule.swift */; };
		49203838244CB72F001FB093 /* ContactModuleInput.swift in Sources */ = {isa = PBXBuildFile; fileRef = 49203837244CB72F001FB093 /* ContactModuleInput.swift */; };
		4920383A244CBA04001FB093 /* ContactModuleOutput.swift in Sources */ = {isa = PBXBuildFile; fileRef = 49203839244CBA04001FB093 /* ContactModuleOutput.swift */; };
		4920383C244CC7A7001FB093 /* DI.swift in Sources */ = {isa = PBXBuildFile; fileRef = 4920383B244CC7A7001FB093 /* DI.swift */; };
		49259CE0244762880001C15C /* RxAboutInteractor.swift in Sources */ = {isa = PBXBuildFile; fileRef = 49259CDF244762880001C15C /* RxAboutInteractor.swift */; };
		492F9975244B139F00395A45 /* RealmBindObserver.swift in Sources */ = {isa = PBXBuildFile; fileRef = 492F9974244B139F00395A45 /* RealmBindObserver.swift */; };
		492F9977244B142900395A45 /* RxTableViewRealmDataSource.swift in Sources */ = {isa = PBXBuildFile; fileRef = 492F9976244B142900395A45 /* RxTableViewRealmDataSource.swift */; };
		492F9979244B174700395A45 /* RxCollectionViewRealmDataSource.swift in Sources */ = {isa = PBXBuildFile; fileRef = 492F9978244B174600395A45 /* RxCollectionViewRealmDataSource.swift */; };
		492F997E244B48D500395A45 /* ContactsListTableViewCell.xib in Resources */ = {isa = PBXBuildFile; fileRef = 492F997D244B48D500395A45 /* ContactsListTableViewCell.xib */; };
		492F9980244B494700395A45 /* ContactsListTableViewCell.swift in Sources */ = {isa = PBXBuildFile; fileRef = 492F997F244B494700395A45 /* ContactsListTableViewCell.swift */; };
		492F9982244B4DBE00395A45 /* ContactsListViewController.swift in Sources */ = {isa = PBXBuildFile; fileRef = 492F9981244B4DBE00395A45 /* ContactsListViewController.swift */; };
		492F9984244B4FF900395A45 /* Contacts.swift in Sources */ = {isa = PBXBuildFile; fileRef = 492F9983244B4FF900395A45 /* Contacts.swift */; };
		492F9986244B503400395A45 /* Contact.swift in Sources */ = {isa = PBXBuildFile; fileRef = 492F9985244B503400395A45 /* Contact.swift */; };
		492F9988244B67C100395A45 /* ContactsListViewInput.swift in Sources */ = {isa = PBXBuildFile; fileRef = 492F9987244B67C100395A45 /* ContactsListViewInput.swift */; };
		492F998A244B68A000395A45 /* ContactsListViewOutput.swift in Sources */ = {isa = PBXBuildFile; fileRef = 492F9989244B68A000395A45 /* ContactsListViewOutput.swift */; };
		492F998C244B71E400395A45 /* ContactsListPresenter.swift in Sources */ = {isa = PBXBuildFile; fileRef = 492F998B244B71E400395A45 /* ContactsListPresenter.swift */; };
		492F998E244B7AA100395A45 /* ContactsListInteractor.swift in Sources */ = {isa = PBXBuildFile; fileRef = 492F998D244B7AA100395A45 /* ContactsListInteractor.swift */; };
		492F9990244B7B7C00395A45 /* ContactsListInteractorInput.swift in Sources */ = {isa = PBXBuildFile; fileRef = 492F998F244B7B7C00395A45 /* ContactsListInteractorInput.swift */; };
		492F9992244B7C7E00395A45 /* ContactsListInteractorOutput.swift in Sources */ = {isa = PBXBuildFile; fileRef = 492F9991244B7C7E00395A45 /* ContactsListInteractorOutput.swift */; };
		492F9994244B7D7C00395A45 /* ContactsListRouter.swift in Sources */ = {isa = PBXBuildFile; fileRef = 492F9993244B7D7C00395A45 /* ContactsListRouter.swift */; };
		492F9996244B7D9200395A45 /* ContactsListRouterInput.swift in Sources */ = {isa = PBXBuildFile; fileRef = 492F9995244B7D9200395A45 /* ContactsListRouterInput.swift */; };
		492F9998244B82A900395A45 /* ContactsListConfigurator.swift in Sources */ = {isa = PBXBuildFile; fileRef = 492F9997244B82A900395A45 /* ContactsListConfigurator.swift */; };
		494557642355CE0400942B4F /* AboutView.storyboard in Resources */ = {isa = PBXBuildFile; fileRef = 494557632355CE0400942B4F /* AboutView.storyboard */; };
		494557682355CE4F00942B4F /* RxAboutPresenter.swift in Sources */ = {isa = PBXBuildFile; fileRef = 494557672355CE4F00942B4F /* RxAboutPresenter.swift */; };
		494557702355CF4C00942B4F /* RxAboutModel.swift in Sources */ = {isa = PBXBuildFile; fileRef = 4945576F2355CF4C00942B4F /* RxAboutModel.swift */; };
		4951CB332452F5370025E45C /* CXAudioFile.swift in Sources */ = {isa = PBXBuildFile; fileRef = 4951CB322452F5370025E45C /* CXAudioFile.swift */; };
		4951CB352452F6A10025E45C /* CXExtensions.swift in Sources */ = {isa = PBXBuildFile; fileRef = 4951CB342452F6A10025E45C /* CXExtensions.swift */; };
		4951CB392452F8BD0025E45C /* fennelliott-beeping.wav in Resources */ = {isa = PBXBuildFile; fileRef = 4951CB372452F8BC0025E45C /* fennelliott-beeping.wav */; };
		4951CB3A2452F8BD0025E45C /* noisecollector-beam.aiff in Resources */ = {isa = PBXBuildFile; fileRef = 4951CB382452F8BC0025E45C /* noisecollector-beam.aiff */; };
		4951CB3E245301730025E45C /* CallManager.swift in Sources */ = {isa = PBXBuildFile; fileRef = 4951CB3D245301730025E45C /* CallManager.swift */; };
		4951CB4A2453100B0025E45C /* Settings.swift in Sources */ = {isa = PBXBuildFile; fileRef = 4951CB492453100B0025E45C /* Settings.swift */; };
		495CBDDF244C69AB005AEA7D /* ContactView.storyboard in Resources */ = {isa = PBXBuildFile; fileRef = 495CBDDE244C69AB005AEA7D /* ContactView.storyboard */; };
		495CBDE1244C6B9E005AEA7D /* ContactViewController.swift in Sources */ = {isa = PBXBuildFile; fileRef = 495CBDE0244C6B9E005AEA7D /* ContactViewController.swift */; };
		49624C6324483CCC009660D3 /* RxAboutRouter.swift in Sources */ = {isa = PBXBuildFile; fileRef = 49624C6224483CCC009660D3 /* RxAboutRouter.swift */; };
		49624C7124487799009660D3 /* ContactsListView.storyboard in Resources */ = {isa = PBXBuildFile; fileRef = 49624C7024487799009660D3 /* ContactsListView.storyboard */; };
		49624C732448AD75009660D3 /* MainViewController.swift in Sources */ = {isa = PBXBuildFile; fileRef = 49624C722448AD75009660D3 /* MainViewController.swift */; };
		49624C772448B13A009660D3 /* AboutViewController.swift in Sources */ = {isa = PBXBuildFile; fileRef = 49624C762448B13A009660D3 /* AboutViewController.swift */; };
		49624C812448E243009660D3 /* AboutPresenter.swift in Sources */ = {isa = PBXBuildFile; fileRef = 49624C802448E243009660D3 /* AboutPresenter.swift */; };
		49624C852448E25E009660D3 /* AboutInteractor.swift in Sources */ = {isa = PBXBuildFile; fileRef = 49624C842448E25E009660D3 /* AboutInteractor.swift */; };
		49624C872448E26B009660D3 /* AboutRouter.swift in Sources */ = {isa = PBXBuildFile; fileRef = 49624C862448E26B009660D3 /* AboutRouter.swift */; };
		49624C892448E27A009660D3 /* AboutConfigurator.swift in Sources */ = {isa = PBXBuildFile; fileRef = 49624C882448E27A009660D3 /* AboutConfigurator.swift */; };
		49624C8C2448FE2F009660D3 /* Router.swift in Sources */ = {isa = PBXBuildFile; fileRef = 49624C8B2448FE2F009660D3 /* Router.swift */; };
		4965E27D234620000042E4B9 /* StringExtensions.swift in Sources */ = {isa = PBXBuildFile; fileRef = 4965E27C234620000042E4B9 /* StringExtensions.swift */; };
		4965E28A234623EA0042E4B9 /* ABOUT_TOKENS_en.html in Resources */ = {isa = PBXBuildFile; fileRef = 4965E283234623EA0042E4B9 /* ABOUT_TOKENS_en.html */; };
		4965E28B234623EA0042E4B9 /* Style.css in Resources */ = {isa = PBXBuildFile; fileRef = 4965E284234623EA0042E4B9 /* Style.css */; };
		4965E28C234623EA0042E4B9 /* ABOUT_TOKENS_ru.html in Resources */ = {isa = PBXBuildFile; fileRef = 4965E285234623EA0042E4B9 /* ABOUT_TOKENS_ru.html */; };
		4965E291234625D90042E4B9 /* WKWebViewExtensions.swift in Sources */ = {isa = PBXBuildFile; fileRef = 4965E290234625D90042E4B9 /* WKWebViewExtensions.swift */; };
		49BCF8472449F7FF0094363B /* AboutInteractorInput.swift in Sources */ = {isa = PBXBuildFile; fileRef = 49BCF8462449F7FF0094363B /* AboutInteractorInput.swift */; };
		49BCF8492449F81C0094363B /* AboutInteractorOutput.swift in Sources */ = {isa = PBXBuildFile; fileRef = 49BCF8482449F81C0094363B /* AboutInteractorOutput.swift */; };
		49BCF84B2449F84C0094363B /* AboutRouterInput.swift in Sources */ = {isa = PBXBuildFile; fileRef = 49BCF84A2449F84C0094363B /* AboutRouterInput.swift */; };
		49BCF84D2449F8B00094363B /* AboutViewOutput.swift in Sources */ = {isa = PBXBuildFile; fileRef = 49BCF84C2449F8B00094363B /* AboutViewOutput.swift */; };
		49BCF84F2449F8C70094363B /* AboutViewInput.swift in Sources */ = {isa = PBXBuildFile; fileRef = 49BCF84E2449F8C70094363B /* AboutViewInput.swift */; };
		49C675FB2446F0BF002D8FF1 /* RxExtensions.swift in Sources */ = {isa = PBXBuildFile; fileRef = 49C675FA2446F0BF002D8FF1 /* RxExtensions.swift */; };
		49C675FD2446F41E002D8FF1 /* WKWebViewController.swift in Sources */ = {isa = PBXBuildFile; fileRef = 49C675FC2446F41E002D8FF1 /* WKWebViewController.swift */; };
		49E3D55C2345F9D000861760 /* AppDelegate.swift in Sources */ = {isa = PBXBuildFile; fileRef = 49E3D55B2345F9D000861760 /* AppDelegate.swift */; };
		49E3D5602345F9D000861760 /* RxAboutViewController.swift in Sources */ = {isa = PBXBuildFile; fileRef = 49E3D55F2345F9D000861760 /* RxAboutViewController.swift */; };
		49E3D5632345F9D000861760 /* Main.storyboard in Resources */ = {isa = PBXBuildFile; fileRef = 49E3D5612345F9D000861760 /* Main.storyboard */; };
		49E3D5652345F9D100861760 /* Assets.xcassets in Resources */ = {isa = PBXBuildFile; fileRef = 49E3D5642345F9D100861760 /* Assets.xcassets */; };
		49E3D5682345F9D100861760 /* LaunchScreen.storyboard in Resources */ = {isa = PBXBuildFile; fileRef = 49E3D5662345F9D100861760 /* LaunchScreen.storyboard */; };
		49F0AEBF244731B900222DCF /* AppVersion.swift in Sources */ = {isa = PBXBuildFile; fileRef = 49F0AEBE244731B900222DCF /* AppVersion.swift */; };
		49F0AEC224473A0600222DCF /* EntityService.swift in Sources */ = {isa = PBXBuildFile; fileRef = 49F0AEC124473A0600222DCF /* EntityService.swift */; };
		8DD178AC9051091E38397AA3 /* Pods_RxSwift_Ex.framework in Frameworks */ = {isa = PBXBuildFile; fileRef = C6EBFFC426AB77CC1B11F8BF /* Pods_RxSwift_Ex.framework */; };
/* End PBXBuildFile section */

/* Begin PBXFileReference section */
		4913AC1C24503BE600ECBEBE /* LoginViewController.swift */ = {isa = PBXFileReference; lastKnownFileType = sourcecode.swift; path = LoginViewController.swift; sourceTree = "<group>"; };
		4913AC1E24503C0000ECBEBE /* RxSwift-Ex.entitlements */ = {isa = PBXFileReference; lastKnownFileType = text.plist.entitlements; path = "RxSwift-Ex.entitlements"; sourceTree = "<group>"; };
		4913AC29245074C800ECBEBE /* LoginView.storyboard */ = {isa = PBXFileReference; lastKnownFileType = file.storyboard; path = LoginView.storyboard; sourceTree = "<group>"; };
		4913AC2B24508A4500ECBEBE /* CallView.storyboard */ = {isa = PBXFileReference; lastKnownFileType = file.storyboard; path = CallView.storyboard; sourceTree = "<group>"; };
		4913AC2D24508A5300ECBEBE /* CallViewController.swift */ = {isa = PBXFileReference; lastKnownFileType = sourcecode.swift; path = CallViewController.swift; sourceTree = "<group>"; };
		4913AC2F2450C88400ECBEBE /* UIColorExtensions.swift */ = {isa = PBXFileReference; lastKnownFileType = sourcecode.swift; path = UIColorExtensions.swift; sourceTree = "<group>"; };
		49203821244C9AD6001FB093 /* ContactPresenter.swift */ = {isa = PBXFileReference; lastKnownFileType = sourcecode.swift; path = ContactPresenter.swift; sourceTree = "<group>"; };
		49203823244C9AEA001FB093 /* ContactInteractor.swift */ = {isa = PBXFileReference; lastKnownFileType = sourcecode.swift; path = ContactInteractor.swift; sourceTree = "<group>"; };
		49203825244C9AFC001FB093 /* ContactRouter.swift */ = {isa = PBXFileReference; lastKnownFileType = sourcecode.swift; path = ContactRouter.swift; sourceTree = "<group>"; };
		49203827244C9B5B001FB093 /* ContactRouterInput.swift */ = {isa = PBXFileReference; lastKnownFileType = sourcecode.swift; path = ContactRouterInput.swift; sourceTree = "<group>"; };
		49203829244C9F12001FB093 /* Assembly.swift */ = {isa = PBXFileReference; lastKnownFileType = sourcecode.swift; path = Assembly.swift; sourceTree = "<group>"; };
		4920382B244CA81E001FB093 /* ContactAssembly.swift */ = {isa = PBXFileReference; lastKnownFileType = sourcecode.swift; path = ContactAssembly.swift; sourceTree = "<group>"; };
		4920382D244CAFB6001FB093 /* ContactViewInput.swift */ = {isa = PBXFileReference; lastKnownFileType = sourcecode.swift; path = ContactViewInput.swift; sourceTree = "<group>"; };
		4920382F244CB015001FB093 /* ContactViewOutput.swift */ = {isa = PBXFileReference; lastKnownFileType = sourcecode.swift; path = ContactViewOutput.swift; sourceTree = "<group>"; };
		49203831244CB388001FB093 /* ContactInteractorInput.swift */ = {isa = PBXFileReference; lastKnownFileType = sourcecode.swift; path = ContactInteractorInput.swift; sourceTree = "<group>"; };
		49203833244CB39E001FB093 /* ContactInteractorOutput.swift */ = {isa = PBXFileReference; lastKnownFileType = sourcecode.swift; path = ContactInteractorOutput.swift; sourceTree = "<group>"; };
		49203835244CB6B0001FB093 /* BaseModule.swift */ = {isa = PBXFileReference; lastKnownFileType = sourcecode.swift; path = BaseModule.swift; sourceTree = "<group>"; };
		49203837244CB72F001FB093 /* ContactModuleInput.swift */ = {isa = PBXFileReference; lastKnownFileType = sourcecode.swift; path = ContactModuleInput.swift; sourceTree = "<group>"; };
		49203839244CBA04001FB093 /* ContactModuleOutput.swift */ = {isa = PBXFileReference; lastKnownFileType = sourcecode.swift; path = ContactModuleOutput.swift; sourceTree = "<group>"; };
		4920383B244CC7A7001FB093 /* DI.swift */ = {isa = PBXFileReference; lastKnownFileType = sourcecode.swift; path = DI.swift; sourceTree = "<group>"; };
		49259CDF244762880001C15C /* RxAboutInteractor.swift */ = {isa = PBXFileReference; lastKnownFileType = sourcecode.swift; path = RxAboutInteractor.swift; sourceTree = "<group>"; };
		492F9974244B139F00395A45 /* RealmBindObserver.swift */ = {isa = PBXFileReference; lastKnownFileType = sourcecode.swift; path = RealmBindObserver.swift; sourceTree = "<group>"; };
		492F9976244B142900395A45 /* RxTableViewRealmDataSource.swift */ = {isa = PBXFileReference; lastKnownFileType = sourcecode.swift; path = RxTableViewRealmDataSource.swift; sourceTree = "<group>"; };
		492F9978244B174600395A45 /* RxCollectionViewRealmDataSource.swift */ = {isa = PBXFileReference; lastKnownFileType = sourcecode.swift; path = RxCollectionViewRealmDataSource.swift; sourceTree = "<group>"; };
		492F997D244B48D500395A45 /* ContactsListTableViewCell.xib */ = {isa = PBXFileReference; lastKnownFileType = file.xib; path = ContactsListTableViewCell.xib; sourceTree = "<group>"; };
		492F997F244B494700395A45 /* ContactsListTableViewCell.swift */ = {isa = PBXFileReference; lastKnownFileType = sourcecode.swift; path = ContactsListTableViewCell.swift; sourceTree = "<group>"; };
		492F9981244B4DBE00395A45 /* ContactsListViewController.swift */ = {isa = PBXFileReference; lastKnownFileType = sourcecode.swift; path = ContactsListViewController.swift; sourceTree = "<group>"; };
		492F9983244B4FF900395A45 /* Contacts.swift */ = {isa = PBXFileReference; lastKnownFileType = sourcecode.swift; path = Contacts.swift; sourceTree = "<group>"; };
		492F9985244B503400395A45 /* Contact.swift */ = {isa = PBXFileReference; lastKnownFileType = sourcecode.swift; path = Contact.swift; sourceTree = "<group>"; };
		492F9987244B67C100395A45 /* ContactsListViewInput.swift */ = {isa = PBXFileReference; lastKnownFileType = sourcecode.swift; path = ContactsListViewInput.swift; sourceTree = "<group>"; };
		492F9989244B68A000395A45 /* ContactsListViewOutput.swift */ = {isa = PBXFileReference; lastKnownFileType = sourcecode.swift; path = ContactsListViewOutput.swift; sourceTree = "<group>"; };
		492F998B244B71E400395A45 /* ContactsListPresenter.swift */ = {isa = PBXFileReference; lastKnownFileType = sourcecode.swift; path = ContactsListPresenter.swift; sourceTree = "<group>"; };
		492F998D244B7AA100395A45 /* ContactsListInteractor.swift */ = {isa = PBXFileReference; lastKnownFileType = sourcecode.swift; path = ContactsListInteractor.swift; sourceTree = "<group>"; };
		492F998F244B7B7C00395A45 /* ContactsListInteractorInput.swift */ = {isa = PBXFileReference; lastKnownFileType = sourcecode.swift; path = ContactsListInteractorInput.swift; sourceTree = "<group>"; };
		492F9991244B7C7E00395A45 /* ContactsListInteractorOutput.swift */ = {isa = PBXFileReference; lastKnownFileType = sourcecode.swift; path = ContactsListInteractorOutput.swift; sourceTree = "<group>"; };
		492F9993244B7D7C00395A45 /* ContactsListRouter.swift */ = {isa = PBXFileReference; lastKnownFileType = sourcecode.swift; path = ContactsListRouter.swift; sourceTree = "<group>"; };
		492F9995244B7D9200395A45 /* ContactsListRouterInput.swift */ = {isa = PBXFileReference; lastKnownFileType = sourcecode.swift; path = ContactsListRouterInput.swift; sourceTree = "<group>"; };
		492F9997244B82A900395A45 /* ContactsListConfigurator.swift */ = {isa = PBXFileReference; lastKnownFileType = sourcecode.swift; path = ContactsListConfigurator.swift; sourceTree = "<group>"; };
		494557632355CE0400942B4F /* AboutView.storyboard */ = {isa = PBXFileReference; lastKnownFileType = file.storyboard; path = AboutView.storyboard; sourceTree = "<group>"; };
		494557672355CE4F00942B4F /* RxAboutPresenter.swift */ = {isa = PBXFileReference; lastKnownFileType = sourcecode.swift; path = RxAboutPresenter.swift; sourceTree = "<group>"; };
		4945576F2355CF4C00942B4F /* RxAboutModel.swift */ = {isa = PBXFileReference; lastKnownFileType = sourcecode.swift; path = RxAboutModel.swift; sourceTree = "<group>"; };
		4951CB322452F5370025E45C /* CXAudioFile.swift */ = {isa = PBXFileReference; lastKnownFileType = sourcecode.swift; path = CXAudioFile.swift; sourceTree = "<group>"; };
		4951CB342452F6A10025E45C /* CXExtensions.swift */ = {isa = PBXFileReference; lastKnownFileType = sourcecode.swift; path = CXExtensions.swift; sourceTree = "<group>"; };
		4951CB372452F8BC0025E45C /* fennelliott-beeping.wav */ = {isa = PBXFileReference; lastKnownFileType = audio.wav; path = "fennelliott-beeping.wav"; sourceTree = "<group>"; };
		4951CB382452F8BC0025E45C /* noisecollector-beam.aiff */ = {isa = PBXFileReference; lastKnownFileType = audio.aiff; path = "noisecollector-beam.aiff"; sourceTree = "<group>"; };
		4951CB3D245301730025E45C /* CallManager.swift */ = {isa = PBXFileReference; lastKnownFileType = sourcecode.swift; path = CallManager.swift; sourceTree = "<group>"; };
		4951CB492453100B0025E45C /* Settings.swift */ = {isa = PBXFileReference; lastKnownFileType = sourcecode.swift; path = Settings.swift; sourceTree = "<group>"; };
		495CBDDE244C69AB005AEA7D /* ContactView.storyboard */ = {isa = PBXFileReference; lastKnownFileType = file.storyboard; path = ContactView.storyboard; sourceTree = "<group>"; };
		495CBDE0244C6B9E005AEA7D /* ContactViewController.swift */ = {isa = PBXFileReference; lastKnownFileType = sourcecode.swift; path = ContactViewController.swift; sourceTree = "<group>"; };
		49624C6224483CCC009660D3 /* RxAboutRouter.swift */ = {isa = PBXFileReference; lastKnownFileType = sourcecode.swift; path = RxAboutRouter.swift; sourceTree = "<group>"; };
		49624C7024487799009660D3 /* ContactsListView.storyboard */ = {isa = PBXFileReference; lastKnownFileType = file.storyboard; path = ContactsListView.storyboard; sourceTree = "<group>"; };
		49624C722448AD75009660D3 /* MainViewController.swift */ = {isa = PBXFileReference; lastKnownFileType = sourcecode.swift; path = MainViewController.swift; sourceTree = "<group>"; };
		49624C762448B13A009660D3 /* AboutViewController.swift */ = {isa = PBXFileReference; lastKnownFileType = sourcecode.swift; path = AboutViewController.swift; sourceTree = "<group>"; };
		49624C802448E243009660D3 /* AboutPresenter.swift */ = {isa = PBXFileReference; lastKnownFileType = sourcecode.swift; path = AboutPresenter.swift; sourceTree = "<group>"; };
		49624C842448E25E009660D3 /* AboutInteractor.swift */ = {isa = PBXFileReference; lastKnownFileType = sourcecode.swift; path = AboutInteractor.swift; sourceTree = "<group>"; };
		49624C862448E26B009660D3 /* AboutRouter.swift */ = {isa = PBXFileReference; lastKnownFileType = sourcecode.swift; path = AboutRouter.swift; sourceTree = "<group>"; };
		49624C882448E27A009660D3 /* AboutConfigurator.swift */ = {isa = PBXFileReference; lastKnownFileType = sourcecode.swift; path = AboutConfigurator.swift; sourceTree = "<group>"; };
		49624C8B2448FE2F009660D3 /* Router.swift */ = {isa = PBXFileReference; lastKnownFileType = sourcecode.swift; path = Router.swift; sourceTree = "<group>"; };
		4965E27C234620000042E4B9 /* StringExtensions.swift */ = {isa = PBXFileReference; lastKnownFileType = sourcecode.swift; path = StringExtensions.swift; sourceTree = "<group>"; };
		4965E283234623EA0042E4B9 /* ABOUT_TOKENS_en.html */ = {isa = PBXFileReference; fileEncoding = 4; lastKnownFileType = text.html; path = ABOUT_TOKENS_en.html; sourceTree = "<group>"; };
		4965E284234623EA0042E4B9 /* Style.css */ = {isa = PBXFileReference; fileEncoding = 4; lastKnownFileType = text.css; path = Style.css; sourceTree = "<group>"; };
		4965E285234623EA0042E4B9 /* ABOUT_TOKENS_ru.html */ = {isa = PBXFileReference; fileEncoding = 4; lastKnownFileType = text.html; path = ABOUT_TOKENS_ru.html; sourceTree = "<group>"; };
		4965E290234625D90042E4B9 /* WKWebViewExtensions.swift */ = {isa = PBXFileReference; lastKnownFileType = sourcecode.swift; path = WKWebViewExtensions.swift; sourceTree = "<group>"; };
		49BCF8462449F7FF0094363B /* AboutInteractorInput.swift */ = {isa = PBXFileReference; lastKnownFileType = sourcecode.swift; path = AboutInteractorInput.swift; sourceTree = "<group>"; };
		49BCF8482449F81C0094363B /* AboutInteractorOutput.swift */ = {isa = PBXFileReference; lastKnownFileType = sourcecode.swift; path = AboutInteractorOutput.swift; sourceTree = "<group>"; };
		49BCF84A2449F84C0094363B /* AboutRouterInput.swift */ = {isa = PBXFileReference; lastKnownFileType = sourcecode.swift; path = AboutRouterInput.swift; sourceTree = "<group>"; };
		49BCF84C2449F8B00094363B /* AboutViewOutput.swift */ = {isa = PBXFileReference; lastKnownFileType = sourcecode.swift; path = AboutViewOutput.swift; sourceTree = "<group>"; };
		49BCF84E2449F8C70094363B /* AboutViewInput.swift */ = {isa = PBXFileReference; lastKnownFileType = sourcecode.swift; path = AboutViewInput.swift; sourceTree = "<group>"; };
		49C675FA2446F0BF002D8FF1 /* RxExtensions.swift */ = {isa = PBXFileReference; lastKnownFileType = sourcecode.swift; path = RxExtensions.swift; sourceTree = "<group>"; };
		49C675FC2446F41E002D8FF1 /* WKWebViewController.swift */ = {isa = PBXFileReference; lastKnownFileType = sourcecode.swift; path = WKWebViewController.swift; sourceTree = "<group>"; };
		49E3D5582345F9D000861760 /* RxSwift-Ex.app */ = {isa = PBXFileReference; explicitFileType = wrapper.application; includeInIndex = 0; path = "RxSwift-Ex.app"; sourceTree = BUILT_PRODUCTS_DIR; };
		49E3D55B2345F9D000861760 /* AppDelegate.swift */ = {isa = PBXFileReference; lastKnownFileType = sourcecode.swift; path = AppDelegate.swift; sourceTree = "<group>"; };
		49E3D55F2345F9D000861760 /* RxAboutViewController.swift */ = {isa = PBXFileReference; lastKnownFileType = sourcecode.swift; path = RxAboutViewController.swift; sourceTree = "<group>"; };
		49E3D5622345F9D000861760 /* Base */ = {isa = PBXFileReference; lastKnownFileType = file.storyboard; name = Base; path = Base.lproj/Main.storyboard; sourceTree = "<group>"; };
		49E3D5642345F9D100861760 /* Assets.xcassets */ = {isa = PBXFileReference; lastKnownFileType = folder.assetcatalog; path = Assets.xcassets; sourceTree = "<group>"; };
		49E3D5672345F9D100861760 /* Base */ = {isa = PBXFileReference; lastKnownFileType = file.storyboard; name = Base; path = Base.lproj/LaunchScreen.storyboard; sourceTree = "<group>"; };
		49E3D5692345F9D100861760 /* Info.plist */ = {isa = PBXFileReference; lastKnownFileType = text.plist.xml; path = Info.plist; sourceTree = "<group>"; };
		49F0AEBE244731B900222DCF /* AppVersion.swift */ = {isa = PBXFileReference; lastKnownFileType = sourcecode.swift; path = AppVersion.swift; sourceTree = "<group>"; };
		49F0AEC124473A0600222DCF /* EntityService.swift */ = {isa = PBXFileReference; lastKnownFileType = sourcecode.swift; path = EntityService.swift; sourceTree = "<group>"; };
		C6EBFFC426AB77CC1B11F8BF /* Pods_RxSwift_Ex.framework */ = {isa = PBXFileReference; explicitFileType = wrapper.framework; includeInIndex = 0; path = Pods_RxSwift_Ex.framework; sourceTree = BUILT_PRODUCTS_DIR; };
		E681EE009DD966F2A8F9D5B9 /* Pods-RxSwift-Ex.debug.xcconfig */ = {isa = PBXFileReference; includeInIndex = 1; lastKnownFileType = text.xcconfig; name = "Pods-RxSwift-Ex.debug.xcconfig"; path = "Target Support Files/Pods-RxSwift-Ex/Pods-RxSwift-Ex.debug.xcconfig"; sourceTree = "<group>"; };
		EC8A19083853EDF4BAA3FCB2 /* Pods-RxSwift-Ex.release.xcconfig */ = {isa = PBXFileReference; includeInIndex = 1; lastKnownFileType = text.xcconfig; name = "Pods-RxSwift-Ex.release.xcconfig"; path = "Target Support Files/Pods-RxSwift-Ex/Pods-RxSwift-Ex.release.xcconfig"; sourceTree = "<group>"; };
/* End PBXFileReference section */

/* Begin PBXFrameworksBuildPhase section */
		49E3D5552345F9D000861760 /* Frameworks */ = {
			isa = PBXFrameworksBuildPhase;
			buildActionMask = 2147483647;
			files = (
				8DD178AC9051091E38397AA3 /* Pods_RxSwift_Ex.framework in Frameworks */,
			);
			runOnlyForDeploymentPostprocessing = 0;
		};
/* End PBXFrameworksBuildPhase section */

/* Begin PBXGroup section */
		41BFE4635CD8D6372EC91F9C /* Frameworks */ = {
			isa = PBXGroup;
			children = (
				C6EBFFC426AB77CC1B11F8BF /* Pods_RxSwift_Ex.framework */,
			);
			name = Frameworks;
			sourceTree = "<group>";
		};
		4913AC182450393E00ECBEBE /* CallView */ = {
			isa = PBXGroup;
			children = (
				4913AC1924503BA300ECBEBE /* View */,
			);
			path = CallView;
			sourceTree = "<group>";
		};
		4913AC1924503BA300ECBEBE /* View */ = {
			isa = PBXGroup;
			children = (
				4913AC29245074C800ECBEBE /* LoginView.storyboard */,
				4913AC1C24503BE600ECBEBE /* LoginViewController.swift */,
				4913AC2B24508A4500ECBEBE /* CallView.storyboard */,
				4913AC2D24508A5300ECBEBE /* CallViewController.swift */,
				4951CB322452F5370025E45C /* CXAudioFile.swift */,
				4951CB342452F6A10025E45C /* CXExtensions.swift */,
				4951CB3D245301730025E45C /* CallManager.swift */,
				4951CB492453100B0025E45C /* Settings.swift */,
			);
			path = View;
			sourceTree = "<group>";
		};
		49259CDE2447625E0001C15C /* Interactor */ = {
			isa = PBXGroup;
			children = (
				49259CDF244762880001C15C /* RxAboutInteractor.swift */,
			);
			path = Interactor;
			sourceTree = "<group>";
		};
		49259CE1244762AB0001C15C /* Router */ = {
			isa = PBXGroup;
			children = (
				49624C6224483CCC009660D3 /* RxAboutRouter.swift */,
			);
			path = Router;
			sourceTree = "<group>";
		};
		492F9973244B137400395A45 /* RxRealmDataSources */ = {
			isa = PBXGroup;
			children = (
				492F9974244B139F00395A45 /* RealmBindObserver.swift */,
				492F9976244B142900395A45 /* RxTableViewRealmDataSource.swift */,
				492F9978244B174600395A45 /* RxCollectionViewRealmDataSource.swift */,
			);
			path = RxRealmDataSources;
			sourceTree = "<group>";
		};
		494557652355CE0800942B4F /* RxAboutView */ = {
			isa = PBXGroup;
			children = (
				49259CE1244762AB0001C15C /* Router */,
				49259CDE2447625E0001C15C /* Interactor */,
				4945576E2355CEFB00942B4F /* Model */,
				4945576D2355CEF300942B4F /* Presenter */,
				4945576C2355CEEC00942B4F /* View */,
			);
			path = RxAboutView;
			sourceTree = "<group>";
		};
		494557662355CE1400942B4F /* WKWebViewController */ = {
			isa = PBXGroup;
			children = (
				49C675FC2446F41E002D8FF1 /* WKWebViewController.swift */,
			);
			path = WKWebViewController;
			sourceTree = "<group>";
		};
		4945576C2355CEEC00942B4F /* View */ = {
			isa = PBXGroup;
			children = (
				49E3D55F2345F9D000861760 /* RxAboutViewController.swift */,
			);
			path = View;
			sourceTree = "<group>";
		};
		4945576D2355CEF300942B4F /* Presenter */ = {
			isa = PBXGroup;
			children = (
				494557672355CE4F00942B4F /* RxAboutPresenter.swift */,
			);
			path = Presenter;
			sourceTree = "<group>";
		};
		4945576E2355CEFB00942B4F /* Model */ = {
			isa = PBXGroup;
			children = (
				4945576F2355CF4C00942B4F /* RxAboutModel.swift */,
			);
			path = Model;
			sourceTree = "<group>";
		};
		4951CB362452F8950025E45C /* Sounds */ = {
			isa = PBXGroup;
			children = (
				4951CB372452F8BC0025E45C /* fennelliott-beeping.wav */,
				4951CB382452F8BC0025E45C /* noisecollector-beam.aiff */,
			);
			path = Sounds;
			sourceTree = "<group>";
		};
		495CBDDD244C6944005AEA7D /* ContactView */ = {
			isa = PBXGroup;
			children = (
				495CBDE6244C715B005AEA7D /* Assembly */,
				495CBDE5244C7153005AEA7D /* Router */,
				495CBDE4244C714B005AEA7D /* Interactor */,
				495CBDE3244C7143005AEA7D /* Presenter */,
				495CBDE2244C713D005AEA7D /* View */,
			);
			path = ContactView;
			sourceTree = "<group>";
		};
		495CBDE2244C713D005AEA7D /* View */ = {
			isa = PBXGroup;
			children = (
				495CBDDE244C69AB005AEA7D /* ContactView.storyboard */,
				4920382D244CAFB6001FB093 /* ContactViewInput.swift */,
				4920382F244CB015001FB093 /* ContactViewOutput.swift */,
				495CBDE0244C6B9E005AEA7D /* ContactViewController.swift */,
			);
			path = View;
			sourceTree = "<group>";
		};
		495CBDE3244C7143005AEA7D /* Presenter */ = {
			isa = PBXGroup;
			children = (
				49203837244CB72F001FB093 /* ContactModuleInput.swift */,
				49203839244CBA04001FB093 /* ContactModuleOutput.swift */,
				49203821244C9AD6001FB093 /* ContactPresenter.swift */,
			);
			path = Presenter;
			sourceTree = "<group>";
		};
		495CBDE4244C714B005AEA7D /* Interactor */ = {
			isa = PBXGroup;
			children = (
				49203831244CB388001FB093 /* ContactInteractorInput.swift */,
				49203833244CB39E001FB093 /* ContactInteractorOutput.swift */,
				49203823244C9AEA001FB093 /* ContactInteractor.swift */,
			);
			path = Interactor;
			sourceTree = "<group>";
		};
		495CBDE5244C7153005AEA7D /* Router */ = {
			isa = PBXGroup;
			children = (
				49203827244C9B5B001FB093 /* ContactRouterInput.swift */,
				49203825244C9AFC001FB093 /* ContactRouter.swift */,
			);
			path = Router;
			sourceTree = "<group>";
		};
		495CBDE6244C715B005AEA7D /* Assembly */ = {
			isa = PBXGroup;
			children = (
				4920382B244CA81E001FB093 /* ContactAssembly.swift */,
			);
			path = Assembly;
			sourceTree = "<group>";
		};
		49624C68244876C7009660D3 /* ContactsListView */ = {
			isa = PBXGroup;
			children = (
				49624C69244876E9009660D3 /* Configurator */,
				49624C6A244876F5009660D3 /* Router */,
				49624C6E2448771E009660D3 /* Interactor */,
				49624C6C24487711009660D3 /* Presenter */,
				49624C6B2448770B009660D3 /* View */,
			);
			path = ContactsListView;
			sourceTree = "<group>";
		};
		49624C69244876E9009660D3 /* Configurator */ = {
			isa = PBXGroup;
			children = (
				492F9997244B82A900395A45 /* ContactsListConfigurator.swift */,
			);
			path = Configurator;
			sourceTree = "<group>";
		};
		49624C6A244876F5009660D3 /* Router */ = {
			isa = PBXGroup;
			children = (
				492F9995244B7D9200395A45 /* ContactsListRouterInput.swift */,
				492F9993244B7D7C00395A45 /* ContactsListRouter.swift */,
			);
			path = Router;
			sourceTree = "<group>";
		};
		49624C6B2448770B009660D3 /* View */ = {
			isa = PBXGroup;
			children = (
				49624C7024487799009660D3 /* ContactsListView.storyboard */,
				492F997D244B48D500395A45 /* ContactsListTableViewCell.xib */,
				492F997F244B494700395A45 /* ContactsListTableViewCell.swift */,
				492F9987244B67C100395A45 /* ContactsListViewInput.swift */,
				492F9989244B68A000395A45 /* ContactsListViewOutput.swift */,
				492F9981244B4DBE00395A45 /* ContactsListViewController.swift */,
			);
			path = View;
			sourceTree = "<group>";
		};
		49624C6C24487711009660D3 /* Presenter */ = {
			isa = PBXGroup;
			children = (
				492F998B244B71E400395A45 /* ContactsListPresenter.swift */,
			);
			path = Presenter;
			sourceTree = "<group>";
		};
		49624C6E2448771E009660D3 /* Interactor */ = {
			isa = PBXGroup;
			children = (
				492F998F244B7B7C00395A45 /* ContactsListInteractorInput.swift */,
				492F9991244B7C7E00395A45 /* ContactsListInteractorOutput.swift */,
				492F998D244B7AA100395A45 /* ContactsListInteractor.swift */,
			);
			path = Interactor;
			sourceTree = "<group>";
		};
		49624C742448B11D009660D3 /* AboutView */ = {
			isa = PBXGroup;
			children = (
				49624C7C2448B1AE009660D3 /* Configurator */,
				49624C7B2448B1A8009660D3 /* Router */,
				49624C7A2448B1A1009660D3 /* Interactor */,
				49624C782448B194009660D3 /* Presenter */,
				49624C752448B127009660D3 /* View */,
			);
			path = AboutView;
			sourceTree = "<group>";
		};
		49624C752448B127009660D3 /* View */ = {
			isa = PBXGroup;
			children = (
				49BCF84E2449F8C70094363B /* AboutViewInput.swift */,
				49BCF84C2449F8B00094363B /* AboutViewOutput.swift */,
				49624C762448B13A009660D3 /* AboutViewController.swift */,
				494557632355CE0400942B4F /* AboutView.storyboard */,
			);
			path = View;
			sourceTree = "<group>";
		};
		49624C782448B194009660D3 /* Presenter */ = {
			isa = PBXGroup;
			children = (
				49624C802448E243009660D3 /* AboutPresenter.swift */,
			);
			path = Presenter;
			sourceTree = "<group>";
		};
		49624C7A2448B1A1009660D3 /* Interactor */ = {
			isa = PBXGroup;
			children = (
				49BCF8462449F7FF0094363B /* AboutInteractorInput.swift */,
				49BCF8482449F81C0094363B /* AboutInteractorOutput.swift */,
				49624C842448E25E009660D3 /* AboutInteractor.swift */,
			);
			path = Interactor;
			sourceTree = "<group>";
		};
		49624C7B2448B1A8009660D3 /* Router */ = {
			isa = PBXGroup;
			children = (
				49BCF84A2449F84C0094363B /* AboutRouterInput.swift */,
				49624C862448E26B009660D3 /* AboutRouter.swift */,
			);
			path = Router;
			sourceTree = "<group>";
		};
		49624C7C2448B1AE009660D3 /* Configurator */ = {
			isa = PBXGroup;
			children = (
				49624C882448E27A009660D3 /* AboutConfigurator.swift */,
			);
			path = Configurator;
			sourceTree = "<group>";
		};
		49624C8A2448FE1B009660D3 /* Base */ = {
			isa = PBXGroup;
			children = (
				49624C8B2448FE2F009660D3 /* Router.swift */,
				49203829244C9F12001FB093 /* Assembly.swift */,
				49203835244CB6B0001FB093 /* BaseModule.swift */,
				4920383B244CC7A7001FB093 /* DI.swift */,
			);
			path = Base;
			sourceTree = "<group>";
		};
		49624C8D2448FF84009660D3 /* Modules */ = {
			isa = PBXGroup;
			children = (
				4913AC182450393E00ECBEBE /* CallView */,
				49624C68244876C7009660D3 /* ContactsListView */,
				495CBDDD244C6944005AEA7D /* ContactView */,
				494557652355CE0800942B4F /* RxAboutView */,
				49624C742448B11D009660D3 /* AboutView */,
			);
			path = Modules;
			sourceTree = "<group>";
		};
		4965E27723461BF60042E4B9 /* Extensions */ = {
			isa = PBXGroup;
			children = (
				4965E290234625D90042E4B9 /* WKWebViewExtensions.swift */,
				49C675FA2446F0BF002D8FF1 /* RxExtensions.swift */,
				4913AC2F2450C88400ECBEBE /* UIColorExtensions.swift */,
				4965E27C234620000042E4B9 /* StringExtensions.swift */,
			);
			path = Extensions;
			sourceTree = "<group>";
		};
		4965E280234623A60042E4B9 /* Resources */ = {
			isa = PBXGroup;
			children = (
				4951CB362452F8950025E45C /* Sounds */,
				4965E281234623B40042E4B9 /* EULA */,
				49E3D5642345F9D100861760 /* Assets.xcassets */,
			);
			path = Resources;
			sourceTree = "<group>";
		};
		4965E281234623B40042E4B9 /* EULA */ = {
			isa = PBXGroup;
			children = (
				4965E283234623EA0042E4B9 /* ABOUT_TOKENS_en.html */,
				4965E285234623EA0042E4B9 /* ABOUT_TOKENS_ru.html */,
				4965E284234623EA0042E4B9 /* Style.css */,
			);
			path = EULA;
			sourceTree = "<group>";
		};
		49A6D9D5235EEEF100EE512B /* ViewControllers */ = {
			isa = PBXGroup;
			children = (
				492F9973244B137400395A45 /* RxRealmDataSources */,
				494557662355CE1400942B4F /* WKWebViewController */,
			);
			path = ViewControllers;
			sourceTree = "<group>";
		};
		49E3D54F2345F9D000861760 = {
			isa = PBXGroup;
			children = (
				49E3D55A2345F9D000861760 /* RxSwift-Ex */,
				49E3D5592345F9D000861760 /* Products */,
				9315805DCEFB85BFD2A853BE /* Pods */,
				41BFE4635CD8D6372EC91F9C /* Frameworks */,
			);
			sourceTree = "<group>";
		};
		49E3D5592345F9D000861760 /* Products */ = {
			isa = PBXGroup;
			children = (
				49E3D5582345F9D000861760 /* RxSwift-Ex.app */,
			);
			name = Products;
			sourceTree = "<group>";
		};
		49E3D55A2345F9D000861760 /* RxSwift-Ex */ = {
			isa = PBXGroup;
			children = (
				4913AC1E24503C0000ECBEBE /* RxSwift-Ex.entitlements */,
				4965E280234623A60042E4B9 /* Resources */,
				4965E27723461BF60042E4B9 /* Extensions */,
				49A6D9D5235EEEF100EE512B /* ViewControllers */,
				49F0AEBD244731AA00222DCF /* Entity */,
				49624C8A2448FE1B009660D3 /* Base */,
				49624C8D2448FF84009660D3 /* Modules */,
				49E3D5612345F9D000861760 /* Main.storyboard */,
				49624C722448AD75009660D3 /* MainViewController.swift */,
				49E3D5662345F9D100861760 /* LaunchScreen.storyboard */,
				49E3D5692345F9D100861760 /* Info.plist */,
				49E3D55B2345F9D000861760 /* AppDelegate.swift */,
			);
			path = "RxSwift-Ex";
			sourceTree = "<group>";
		};
		49F0AEBD244731AA00222DCF /* Entity */ = {
			isa = PBXGroup;
			children = (
				49F0AEC124473A0600222DCF /* EntityService.swift */,
				49F0AEC32447553200222DCF /* Models */,
			);
			path = Entity;
			sourceTree = "<group>";
		};
		49F0AEC32447553200222DCF /* Models */ = {
			isa = PBXGroup;
			children = (
				49F0AEBE244731B900222DCF /* AppVersion.swift */,
				492F9983244B4FF900395A45 /* Contacts.swift */,
				492F9985244B503400395A45 /* Contact.swift */,
			);
			path = Models;
			sourceTree = "<group>";
		};
		9315805DCEFB85BFD2A853BE /* Pods */ = {
			isa = PBXGroup;
			children = (
				E681EE009DD966F2A8F9D5B9 /* Pods-RxSwift-Ex.debug.xcconfig */,
				EC8A19083853EDF4BAA3FCB2 /* Pods-RxSwift-Ex.release.xcconfig */,
			);
			path = Pods;
			sourceTree = "<group>";
		};
/* End PBXGroup section */

/* Begin PBXNativeTarget section */
		49E3D5572345F9D000861760 /* RxSwift-Ex */ = {
			isa = PBXNativeTarget;
			buildConfigurationList = 49E3D56C2345F9D100861760 /* Build configuration list for PBXNativeTarget "RxSwift-Ex" */;
			buildPhases = (
				64A1DBA38255FCEDCB04E6DF /* [CP] Check Pods Manifest.lock */,
				49E3D5542345F9D000861760 /* Sources */,
				49E3D5552345F9D000861760 /* Frameworks */,
				49E3D5562345F9D000861760 /* Resources */,
				3B3C00D4093EB7E666F25B52 /* [CP] Embed Pods Frameworks */,
			);
			buildRules = (
			);
			dependencies = (
			);
			name = "RxSwift-Ex";
			productName = RxMVVMProject2;
			productReference = 49E3D5582345F9D000861760 /* RxSwift-Ex.app */;
			productType = "com.apple.product-type.application";
		};
/* End PBXNativeTarget section */

/* Begin PBXProject section */
		49E3D5502345F9D000861760 /* Project object */ = {
			isa = PBXProject;
			attributes = {
				LastSwiftUpdateCheck = 1100;
				LastUpgradeCheck = 1100;
				ORGANIZATIONNAME = ru.proarttherapy;
				TargetAttributes = {
					49E3D5572345F9D000861760 = {
						CreatedOnToolsVersion = 11.0;
					};
				};
			};
			buildConfigurationList = 49E3D5532345F9D000861760 /* Build configuration list for PBXProject "RxSwift-Ex" */;
			compatibilityVersion = "Xcode 9.3";
			developmentRegion = en;
			hasScannedForEncodings = 0;
			knownRegions = (
				en,
				Base,
			);
			mainGroup = 49E3D54F2345F9D000861760;
			productRefGroup = 49E3D5592345F9D000861760 /* Products */;
			projectDirPath = "";
			projectRoot = "";
			targets = (
				49E3D5572345F9D000861760 /* RxSwift-Ex */,
			);
		};
/* End PBXProject section */

/* Begin PBXResourcesBuildPhase section */
		49E3D5562345F9D000861760 /* Resources */ = {
			isa = PBXResourcesBuildPhase;
			buildActionMask = 2147483647;
			files = (
				49624C7124487799009660D3 /* ContactsListView.storyboard in Resources */,
				4951CB392452F8BD0025E45C /* fennelliott-beeping.wav in Resources */,
				49E3D5682345F9D100861760 /* LaunchScreen.storyboard in Resources */,
				492F997E244B48D500395A45 /* ContactsListTableViewCell.xib in Resources */,
				49E3D5652345F9D100861760 /* Assets.xcassets in Resources */,
				49E3D5632345F9D000861760 /* Main.storyboard in Resources */,
				4913AC2C24508A4500ECBEBE /* CallView.storyboard in Resources */,
				4951CB3A2452F8BD0025E45C /* noisecollector-beam.aiff in Resources */,
				4965E28A234623EA0042E4B9 /* ABOUT_TOKENS_en.html in Resources */,
				4965E28B234623EA0042E4B9 /* Style.css in Resources */,
				4965E28C234623EA0042E4B9 /* ABOUT_TOKENS_ru.html in Resources */,
				495CBDDF244C69AB005AEA7D /* ContactView.storyboard in Resources */,
				4913AC2A245074C800ECBEBE /* LoginView.storyboard in Resources */,
				494557642355CE0400942B4F /* AboutView.storyboard in Resources */,
			);
			runOnlyForDeploymentPostprocessing = 0;
		};
/* End PBXResourcesBuildPhase section */

/* Begin PBXShellScriptBuildPhase section */
		3B3C00D4093EB7E666F25B52 /* [CP] Embed Pods Frameworks */ = {
			isa = PBXShellScriptBuildPhase;
			buildActionMask = 2147483647;
			files = (
			);
			inputFileListPaths = (
				"${PODS_ROOT}/Target Support Files/Pods-RxSwift-Ex/Pods-RxSwift-Ex-frameworks-${CONFIGURATION}-input-files.xcfilelist",
			);
			name = "[CP] Embed Pods Frameworks";
			outputFileListPaths = (
				"${PODS_ROOT}/Target Support Files/Pods-RxSwift-Ex/Pods-RxSwift-Ex-frameworks-${CONFIGURATION}-output-files.xcfilelist",
			);
			runOnlyForDeploymentPostprocessing = 0;
			shellPath = /bin/sh;
			shellScript = "\"${PODS_ROOT}/Target Support Files/Pods-RxSwift-Ex/Pods-RxSwift-Ex-frameworks.sh\"\n";
			showEnvVarsInLog = 0;
		};
		64A1DBA38255FCEDCB04E6DF /* [CP] Check Pods Manifest.lock */ = {
			isa = PBXShellScriptBuildPhase;
			buildActionMask = 2147483647;
			files = (
			);
			inputFileListPaths = (
			);
			inputPaths = (
				"${PODS_PODFILE_DIR_PATH}/Podfile.lock",
				"${PODS_ROOT}/Manifest.lock",
			);
			name = "[CP] Check Pods Manifest.lock";
			outputFileListPaths = (
			);
			outputPaths = (
				"$(DERIVED_FILE_DIR)/Pods-RxSwift-Ex-checkManifestLockResult.txt",
			);
			runOnlyForDeploymentPostprocessing = 0;
			shellPath = /bin/sh;
			shellScript = "diff \"${PODS_PODFILE_DIR_PATH}/Podfile.lock\" \"${PODS_ROOT}/Manifest.lock\" > /dev/null\nif [ $? != 0 ] ; then\n    # print error to STDERR\n    echo \"error: The sandbox is not in sync with the Podfile.lock. Run 'pod install' or update your CocoaPods installation.\" >&2\n    exit 1\nfi\n# This output is used by Xcode 'outputs' to avoid re-running this script phase.\necho \"SUCCESS\" > \"${SCRIPT_OUTPUT_FILE_0}\"\n";
			showEnvVarsInLog = 0;
		};
/* End PBXShellScriptBuildPhase section */

/* Begin PBXSourcesBuildPhase section */
		49E3D5542345F9D000861760 /* Sources */ = {
			isa = PBXSourcesBuildPhase;
			buildActionMask = 2147483647;
			files = (
				49203834244CB39E001FB093 /* ContactInteractorOutput.swift in Sources */,
				49203826244C9AFC001FB093 /* ContactRouter.swift in Sources */,
				49624C872448E26B009660D3 /* AboutRouter.swift in Sources */,
				492F998C244B71E400395A45 /* ContactsListPresenter.swift in Sources */,
				4920382C244CA81E001FB093 /* ContactAssembly.swift in Sources */,
				49F0AEC224473A0600222DCF /* EntityService.swift in Sources */,
				4913AC1D24503BE600ECBEBE /* LoginViewController.swift in Sources */,
				4920382A244C9F12001FB093 /* Assembly.swift in Sources */,
				49BCF8472449F7FF0094363B /* AboutInteractorInput.swift in Sources */,
				49E3D5602345F9D000861760 /* RxAboutViewController.swift in Sources */,
				49203824244C9AEA001FB093 /* ContactInteractor.swift in Sources */,
				492F9975244B139F00395A45 /* RealmBindObserver.swift in Sources */,
				49203838244CB72F001FB093 /* ContactModuleInput.swift in Sources */,
				49624C812448E243009660D3 /* AboutPresenter.swift in Sources */,
				49F0AEBF244731B900222DCF /* AppVersion.swift in Sources */,
				49624C772448B13A009660D3 /* AboutViewController.swift in Sources */,
				49203832244CB388001FB093 /* ContactInteractorInput.swift in Sources */,
				4965E27D234620000042E4B9 /* StringExtensions.swift in Sources */,
				49624C892448E27A009660D3 /* AboutConfigurator.swift in Sources */,
				49BCF84B2449F84C0094363B /* AboutRouterInput.swift in Sources */,
				492F9996244B7D9200395A45 /* ContactsListRouterInput.swift in Sources */,
				4913AC2E24508A5300ECBEBE /* CallViewController.swift in Sources */,
				49E3D55C2345F9D000861760 /* AppDelegate.swift in Sources */,
				492F9994244B7D7C00395A45 /* ContactsListRouter.swift in Sources */,
				4951CB352452F6A10025E45C /* CXExtensions.swift in Sources */,
				49624C8C2448FE2F009660D3 /* Router.swift in Sources */,
				49624C6324483CCC009660D3 /* RxAboutRouter.swift in Sources */,
				49203836244CB6B0001FB093 /* BaseModule.swift in Sources */,
				49259CE0244762880001C15C /* RxAboutInteractor.swift in Sources */,
				49624C732448AD75009660D3 /* MainViewController.swift in Sources */,
				492F998A244B68A000395A45 /* ContactsListViewOutput.swift in Sources */,
				4920382E244CAFB6001FB093 /* ContactViewInput.swift in Sources */,
				4920383A244CBA04001FB093 /* ContactModuleOutput.swift in Sources */,
				492F9977244B142900395A45 /* RxTableViewRealmDataSource.swift in Sources */,
				492F9979244B174700395A45 /* RxCollectionViewRealmDataSource.swift in Sources */,
				492F9998244B82A900395A45 /* ContactsListConfigurator.swift in Sources */,
				492F9984244B4FF900395A45 /* Contacts.swift in Sources */,
				49BCF84D2449F8B00094363B /* AboutViewOutput.swift in Sources */,
				492F9986244B503400395A45 /* Contact.swift in Sources */,
				49BCF84F2449F8C70094363B /* AboutViewInput.swift in Sources */,
				492F9988244B67C100395A45 /* ContactsListViewInput.swift in Sources */,
				494557702355CF4C00942B4F /* RxAboutModel.swift in Sources */,
				4951CB3E245301730025E45C /* CallManager.swift in Sources */,
				495CBDE1244C6B9E005AEA7D /* ContactViewController.swift in Sources */,
				49203822244C9AD6001FB093 /* ContactPresenter.swift in Sources */,
				49203830244CB015001FB093 /* ContactViewOutput.swift in Sources */,
				4951CB332452F5370025E45C /* CXAudioFile.swift in Sources */,
				49624C852448E25E009660D3 /* AboutInteractor.swift in Sources */,
				49C675FD2446F41E002D8FF1 /* WKWebViewController.swift in Sources */,
				492F9980244B494700395A45 /* ContactsListTableViewCell.swift in Sources */,
				492F9990244B7B7C00395A45 /* ContactsListInteractorInput.swift in Sources */,
				492F9982244B4DBE00395A45 /* ContactsListViewController.swift in Sources */,
				4951CB4A2453100B0025E45C /* Settings.swift in Sources */,
				4913AC302450C88400ECBEBE /* UIColorExtensions.swift in Sources */,
				4965E291234625D90042E4B9 /* WKWebViewExtensions.swift in Sources */,
				4920383C244CC7A7001FB093 /* DI.swift in Sources */,
				49C675FB2446F0BF002D8FF1 /* RxExtensions.swift in Sources */,
				492F9992244B7C7E00395A45 /* ContactsListInteractorOutput.swift in Sources */,
				49203828244C9B5B001FB093 /* ContactRouterInput.swift in Sources */,
				492F998E244B7AA100395A45 /* ContactsListInteractor.swift in Sources */,
				494557682355CE4F00942B4F /* RxAboutPresenter.swift in Sources */,
				49BCF8492449F81C0094363B /* AboutInteractorOutput.swift in Sources */,
			);
			runOnlyForDeploymentPostprocessing = 0;
		};
/* End PBXSourcesBuildPhase section */

/* Begin PBXVariantGroup section */
		49E3D5612345F9D000861760 /* Main.storyboard */ = {
			isa = PBXVariantGroup;
			children = (
				49E3D5622345F9D000861760 /* Base */,
			);
			name = Main.storyboard;
			sourceTree = "<group>";
		};
		49E3D5662345F9D100861760 /* LaunchScreen.storyboard */ = {
			isa = PBXVariantGroup;
			children = (
				49E3D5672345F9D100861760 /* Base */,
			);
			name = LaunchScreen.storyboard;
			sourceTree = "<group>";
		};
/* End PBXVariantGroup section */

/* Begin XCBuildConfiguration section */
		49E3D56A2345F9D100861760 /* Debug */ = {
			isa = XCBuildConfiguration;
			buildSettings = {
				ALWAYS_SEARCH_USER_PATHS = NO;
				CLANG_ANALYZER_NONNULL = YES;
				CLANG_ANALYZER_NUMBER_OBJECT_CONVERSION = YES_AGGRESSIVE;
				CLANG_CXX_LANGUAGE_STANDARD = "gnu++14";
				CLANG_CXX_LIBRARY = "libc++";
				CLANG_ENABLE_MODULES = YES;
				CLANG_ENABLE_OBJC_ARC = YES;
				CLANG_ENABLE_OBJC_WEAK = YES;
				CLANG_WARN_BLOCK_CAPTURE_AUTORELEASING = YES;
				CLANG_WARN_BOOL_CONVERSION = YES;
				CLANG_WARN_COMMA = YES;
				CLANG_WARN_CONSTANT_CONVERSION = YES;
				CLANG_WARN_DEPRECATED_OBJC_IMPLEMENTATIONS = YES;
				CLANG_WARN_DIRECT_OBJC_ISA_USAGE = YES_ERROR;
				CLANG_WARN_DOCUMENTATION_COMMENTS = YES;
				CLANG_WARN_EMPTY_BODY = YES;
				CLANG_WARN_ENUM_CONVERSION = YES;
				CLANG_WARN_INFINITE_RECURSION = YES;
				CLANG_WARN_INT_CONVERSION = YES;
				CLANG_WARN_NON_LITERAL_NULL_CONVERSION = YES;
				CLANG_WARN_OBJC_IMPLICIT_RETAIN_SELF = YES;
				CLANG_WARN_OBJC_LITERAL_CONVERSION = YES;
				CLANG_WARN_OBJC_ROOT_CLASS = YES_ERROR;
				CLANG_WARN_RANGE_LOOP_ANALYSIS = YES;
				CLANG_WARN_STRICT_PROTOTYPES = YES;
				CLANG_WARN_SUSPICIOUS_MOVE = YES;
				CLANG_WARN_UNGUARDED_AVAILABILITY = YES_AGGRESSIVE;
				CLANG_WARN_UNREACHABLE_CODE = YES;
				CLANG_WARN__DUPLICATE_METHOD_MATCH = YES;
				COPY_PHASE_STRIP = NO;
				DEBUG_INFORMATION_FORMAT = dwarf;
				ENABLE_BITCODE = NO;
				ENABLE_STRICT_OBJC_MSGSEND = YES;
				ENABLE_TESTABILITY = YES;
				GCC_C_LANGUAGE_STANDARD = gnu11;
				GCC_DYNAMIC_NO_PIC = NO;
				GCC_NO_COMMON_BLOCKS = YES;
				GCC_OPTIMIZATION_LEVEL = 0;
				GCC_PREPROCESSOR_DEFINITIONS = (
					"DEBUG=1",
					"$(inherited)",
				);
				GCC_WARN_64_TO_32_BIT_CONVERSION = YES;
				GCC_WARN_ABOUT_RETURN_TYPE = YES_ERROR;
				GCC_WARN_UNDECLARED_SELECTOR = YES;
				GCC_WARN_UNINITIALIZED_AUTOS = YES_AGGRESSIVE;
				GCC_WARN_UNUSED_FUNCTION = YES;
				GCC_WARN_UNUSED_VARIABLE = YES;
				IPHONEOS_DEPLOYMENT_TARGET = 12.4;
				MTL_ENABLE_DEBUG_INFO = INCLUDE_SOURCE;
				MTL_FAST_MATH = YES;
				ONLY_ACTIVE_ARCH = YES;
				SDKROOT = iphoneos;
				SWIFT_ACTIVE_COMPILATION_CONDITIONS = DEBUG;
				SWIFT_OPTIMIZATION_LEVEL = "-Onone";
				SWIFT_VERSION = 5.0;
			};
			name = Debug;
		};
		49E3D56B2345F9D100861760 /* Release */ = {
			isa = XCBuildConfiguration;
			buildSettings = {
				ALWAYS_SEARCH_USER_PATHS = NO;
				CLANG_ANALYZER_NONNULL = YES;
				CLANG_ANALYZER_NUMBER_OBJECT_CONVERSION = YES_AGGRESSIVE;
				CLANG_CXX_LANGUAGE_STANDARD = "gnu++14";
				CLANG_CXX_LIBRARY = "libc++";
				CLANG_ENABLE_MODULES = YES;
				CLANG_ENABLE_OBJC_ARC = YES;
				CLANG_ENABLE_OBJC_WEAK = YES;
				CLANG_WARN_BLOCK_CAPTURE_AUTORELEASING = YES;
				CLANG_WARN_BOOL_CONVERSION = YES;
				CLANG_WARN_COMMA = YES;
				CLANG_WARN_CONSTANT_CONVERSION = YES;
				CLANG_WARN_DEPRECATED_OBJC_IMPLEMENTATIONS = YES;
				CLANG_WARN_DIRECT_OBJC_ISA_USAGE = YES_ERROR;
				CLANG_WARN_DOCUMENTATION_COMMENTS = YES;
				CLANG_WARN_EMPTY_BODY = YES;
				CLANG_WARN_ENUM_CONVERSION = YES;
				CLANG_WARN_INFINITE_RECURSION = YES;
				CLANG_WARN_INT_CONVERSION = YES;
				CLANG_WARN_NON_LITERAL_NULL_CONVERSION = YES;
				CLANG_WARN_OBJC_IMPLICIT_RETAIN_SELF = YES;
				CLANG_WARN_OBJC_LITERAL_CONVERSION = YES;
				CLANG_WARN_OBJC_ROOT_CLASS = YES_ERROR;
				CLANG_WARN_RANGE_LOOP_ANALYSIS = YES;
				CLANG_WARN_STRICT_PROTOTYPES = YES;
				CLANG_WARN_SUSPICIOUS_MOVE = YES;
				CLANG_WARN_UNGUARDED_AVAILABILITY = YES_AGGRESSIVE;
				CLANG_WARN_UNREACHABLE_CODE = YES;
				CLANG_WARN__DUPLICATE_METHOD_MATCH = YES;
				COPY_PHASE_STRIP = NO;
				DEBUG_INFORMATION_FORMAT = "dwarf-with-dsym";
				ENABLE_BITCODE = NO;
				ENABLE_NS_ASSERTIONS = NO;
				ENABLE_STRICT_OBJC_MSGSEND = YES;
				GCC_C_LANGUAGE_STANDARD = gnu11;
				GCC_NO_COMMON_BLOCKS = YES;
				GCC_WARN_64_TO_32_BIT_CONVERSION = YES;
				GCC_WARN_ABOUT_RETURN_TYPE = YES_ERROR;
				GCC_WARN_UNDECLARED_SELECTOR = YES;
				GCC_WARN_UNINITIALIZED_AUTOS = YES_AGGRESSIVE;
				GCC_WARN_UNUSED_FUNCTION = YES;
				GCC_WARN_UNUSED_VARIABLE = YES;
				IPHONEOS_DEPLOYMENT_TARGET = 12.4;
				MTL_ENABLE_DEBUG_INFO = NO;
				MTL_FAST_MATH = YES;
				SDKROOT = iphoneos;
				SWIFT_COMPILATION_MODE = wholemodule;
				SWIFT_OPTIMIZATION_LEVEL = "-O";
				SWIFT_VERSION = 5.0;
				VALIDATE_PRODUCT = YES;
			};
			name = Release;
		};
		49E3D56D2345F9D100861760 /* Debug */ = {
			isa = XCBuildConfiguration;
			baseConfigurationReference = E681EE009DD966F2A8F9D5B9 /* Pods-RxSwift-Ex.debug.xcconfig */;
			buildSettings = {
				ASSETCATALOG_COMPILER_APPICON_NAME = AppIcon;
				CODE_SIGN_ENTITLEMENTS = "RxSwift-Ex/RxSwift-Ex.entitlements";
				CODE_SIGN_STYLE = Automatic;
				DEVELOPMENT_TEAM = W7AP9BD2P6;
				ENABLE_BITCODE = NO;
				INFOPLIST_FILE = "RxSwift-Ex/Info.plist";
				LD_RUNPATH_SEARCH_PATHS = (
					"$(inherited)",
					"@executable_path/Frameworks",
				);
				PRODUCT_BUNDLE_IDENTIFIER = "ru.proarttherapy.RxSwift-Ex";
				PRODUCT_NAME = "RxSwift-Ex";
				SWIFT_VERSION = 5.0;
				TARGETED_DEVICE_FAMILY = "1,2";
			};
			name = Debug;
		};
		49E3D56E2345F9D100861760 /* Release */ = {
			isa = XCBuildConfiguration;
			baseConfigurationReference = EC8A19083853EDF4BAA3FCB2 /* Pods-RxSwift-Ex.release.xcconfig */;
			buildSettings = {
				ASSETCATALOG_COMPILER_APPICON_NAME = AppIcon;
				CODE_SIGN_ENTITLEMENTS = "RxSwift-Ex/RxSwift-Ex.entitlements";
				CODE_SIGN_STYLE = Automatic;
				DEVELOPMENT_TEAM = W7AP9BD2P6;
				ENABLE_BITCODE = NO;
				INFOPLIST_FILE = "RxSwift-Ex/Info.plist";
				LD_RUNPATH_SEARCH_PATHS = (
					"$(inherited)",
					"@executable_path/Frameworks",
				);
				PRODUCT_BUNDLE_IDENTIFIER = "ru.proarttherapy.RxSwift-Ex";
				PRODUCT_NAME = "RxSwift-Ex";
				SWIFT_VERSION = 5.0;
				TARGETED_DEVICE_FAMILY = "1,2";
			};
			name = Release;
		};
/* End XCBuildConfiguration section */

/* Begin XCConfigurationList section */
		49E3D5532345F9D000861760 /* Build configuration list for PBXProject "RxSwift-Ex" */ = {
			isa = XCConfigurationList;
			buildConfigurations = (
				49E3D56A2345F9D100861760 /* Debug */,
				49E3D56B2345F9D100861760 /* Release */,
			);
			defaultConfigurationIsVisible = 0;
			defaultConfigurationName = Release;
		};
		49E3D56C2345F9D100861760 /* Build configuration list for PBXNativeTarget "RxSwift-Ex" */ = {
			isa = XCConfigurationList;
			buildConfigurations = (
				49E3D56D2345F9D100861760 /* Debug */,
				49E3D56E2345F9D100861760 /* Release */,
			);
			defaultConfigurationIsVisible = 0;
			defaultConfigurationName = Release;
		};
/* End XCConfigurationList section */
	};
	rootObject = 49E3D5502345F9D000861760 /* Project object */;
}
